
Microsoft Visual Studio Solution File, Format Version 12.00
# Visual Studio Version 17
VisualStudioVersion = 17.12.35707.178 d17.12
MinimumVisualStudioVersion = 10.0.40219.1
Project("{FAE04EC0-301F-11D3-BF4B-00C04F79EFBC}") = "MauiApp8", "MauiApp8.csproj", "{A6085332-6CF7-4931-AC89-2D4CF566CA5C}"
EndProject
Global
	GlobalSection(SolutionConfigurationPlatforms) = preSolution
		Debug|Any CPU = Debug|Any CPU
		Release|Any CPU = Release|Any CPU
	EndGlobalSection
	GlobalSection(ProjectConfigurationPlatforms) = postSolution
		{A6085332-6CF7-4931-AC89-2D4CF566CA5C}.Debug|Any CPU.ActiveCfg = Debug|Any CPU
		{A6085332-6CF7-4931-AC89-2D4CF566CA5C}.Debug|Any CPU.Build.0 = Debug|Any CPU
		{A6085332-6CF7-4931-AC89-2D4CF566CA5C}.Release|Any CPU.ActiveCfg = Release|Any CPU
		{A6085332-6CF7-4931-AC89-2D4CF566CA5C}.Release|Any CPU.Build.0 = Release|Any CPU
	EndGlobalSection
	GlobalSection(SolutionProperties) = preSolution
		HideSolutionNode = FALSE
	EndGlobalSection
EndGlobal
